
Microsoft Visual Studio Solution File, Format Version 12.00
# Visual Studio 14
VisualStudioVersion = 14.0.24720.0
MinimumVisualStudioVersion = 10.0.40219.1
Project("{FAE04EC0-301F-11D3-BF4B-00C04F79EFBC}") = "GuahdtimGarden", "GuahdtimGarden\GuahdtimGarden.csproj", "{726213A5-E44E-46C2-B9EF-356B2EB1C1F9}"
EndProject
Project("{FAE04EC0-301F-11D3-BF4B-00C04F79EFBC}") = "SensirionSht10", "SensirionSht10\SensirionSht10.csproj", "{6F79E4B4-6A8E-4753-BCEF-1B5711E8E952}"
EndProject
Project("{FAE04EC0-301F-11D3-BF4B-00C04F79EFBC}") = "SDCard", "SDCard\SDCard.csproj", "{C6E32087-3E09-403C-975E-722415552870}"
EndProject
Project("{FAE04EC0-301F-11D3-BF4B-00C04F79EFBC}") = "WaterLevel", "WaterLevel\WaterLevel.csproj", "{F0117A8D-0011-44F3-A72B-4382EF833A07}"
EndProject
Project("{2150E333-8FDC-42A3-9474-1A3956D46DE8}") = "Libraries", "Libraries", "{B1E7E762-851C-4CF0-A8E3-9C2323EC390F}"
EndProject
Project("{FAE04EC0-301F-11D3-BF4B-00C04F79EFBC}") = "Ntp", "Ntp\Ntp.csproj", "{3939AEC5-DAC2-4E71-9D1B-27D16EA9B8B5}"
EndProject
Project("{FAE04EC0-301F-11D3-BF4B-00C04F79EFBC}") = "Http", "Http\Http.csproj", "{03FE2DDD-B9B7-4EDE-BE58-136548CF296A}"
EndProject
Project("{FAE04EC0-301F-11D3-BF4B-00C04F79EFBC}") = "CommonInterfaces", "CommonInterfaces\CommonInterfaces.csproj", "{542C87D6-40EB-4CE0-83B0-CCFBF72B3861}"
EndProject
Project("{FAE04EC0-301F-11D3-BF4B-00C04F79EFBC}") = "Relays", "Relays\Relays.csproj", "{A76EA4D0-C16D-43BF-8EE9-2474E6DB89CC}"
EndProject
Global
	GlobalSection(SolutionConfigurationPlatforms) = preSolution
		Debug|Any CPU = Debug|Any CPU
		Release|Any CPU = Release|Any CPU
	EndGlobalSection
	GlobalSection(ProjectConfigurationPlatforms) = postSolution
		{726213A5-E44E-46C2-B9EF-356B2EB1C1F9}.Debug|Any CPU.ActiveCfg = Debug|Any CPU
		{726213A5-E44E-46C2-B9EF-356B2EB1C1F9}.Debug|Any CPU.Build.0 = Debug|Any CPU
		{726213A5-E44E-46C2-B9EF-356B2EB1C1F9}.Debug|Any CPU.Deploy.0 = Debug|Any CPU
		{726213A5-E44E-46C2-B9EF-356B2EB1C1F9}.Release|Any CPU.ActiveCfg = Release|Any CPU
		{726213A5-E44E-46C2-B9EF-356B2EB1C1F9}.Release|Any CPU.Build.0 = Release|Any CPU
		{726213A5-E44E-46C2-B9EF-356B2EB1C1F9}.Release|Any CPU.Deploy.0 = Release|Any CPU
		{6F79E4B4-6A8E-4753-BCEF-1B5711E8E952}.Debug|Any CPU.ActiveCfg = Debug|Any CPU
		{6F79E4B4-6A8E-4753-BCEF-1B5711E8E952}.Debug|Any CPU.Build.0 = Debug|Any CPU
		{6F79E4B4-6A8E-4753-BCEF-1B5711E8E952}.Release|Any CPU.ActiveCfg = Release|Any CPU
		{6F79E4B4-6A8E-4753-BCEF-1B5711E8E952}.Release|Any CPU.Build.0 = Release|Any CPU
		{C6E32087-3E09-403C-975E-722415552870}.Debug|Any CPU.ActiveCfg = Debug|Any CPU
		{C6E32087-3E09-403C-975E-722415552870}.Debug|Any CPU.Build.0 = Debug|Any CPU
		{C6E32087-3E09-403C-975E-722415552870}.Release|Any CPU.ActiveCfg = Release|Any CPU
		{C6E32087-3E09-403C-975E-722415552870}.Release|Any CPU.Build.0 = Release|Any CPU
		{F0117A8D-0011-44F3-A72B-4382EF833A07}.Debug|Any CPU.ActiveCfg = Debug|Any CPU
		{F0117A8D-0011-44F3-A72B-4382EF833A07}.Debug|Any CPU.Build.0 = Debug|Any CPU
		{F0117A8D-0011-44F3-A72B-4382EF833A07}.Release|Any CPU.ActiveCfg = Release|Any CPU
		{F0117A8D-0011-44F3-A72B-4382EF833A07}.Release|Any CPU.Build.0 = Release|Any CPU
		{3939AEC5-DAC2-4E71-9D1B-27D16EA9B8B5}.Debug|Any CPU.ActiveCfg = Debug|Any CPU
		{3939AEC5-DAC2-4E71-9D1B-27D16EA9B8B5}.Debug|Any CPU.Build.0 = Debug|Any CPU
		{3939AEC5-DAC2-4E71-9D1B-27D16EA9B8B5}.Release|Any CPU.ActiveCfg = Release|Any CPU
		{3939AEC5-DAC2-4E71-9D1B-27D16EA9B8B5}.Release|Any CPU.Build.0 = Release|Any CPU
		{03FE2DDD-B9B7-4EDE-BE58-136548CF296A}.Debug|Any CPU.ActiveCfg = Debug|Any CPU
		{03FE2DDD-B9B7-4EDE-BE58-136548CF296A}.Debug|Any CPU.Build.0 = Debug|Any CPU
		{03FE2DDD-B9B7-4EDE-BE58-136548CF296A}.Release|Any CPU.ActiveCfg = Release|Any CPU
		{03FE2DDD-B9B7-4EDE-BE58-136548CF296A}.Release|Any CPU.Build.0 = Release|Any CPU
		{542C87D6-40EB-4CE0-83B0-CCFBF72B3861}.Debug|Any CPU.ActiveCfg = Debug|Any CPU
		{542C87D6-40EB-4CE0-83B0-CCFBF72B3861}.Debug|Any CPU.Build.0 = Debug|Any CPU
		{542C87D6-40EB-4CE0-83B0-CCFBF72B3861}.Release|Any CPU.ActiveCfg = Release|Any CPU
		{542C87D6-40EB-4CE0-83B0-CCFBF72B3861}.Release|Any CPU.Build.0 = Release|Any CPU
		{A76EA4D0-C16D-43BF-8EE9-2474E6DB89CC}.Debug|Any CPU.ActiveCfg = Debug|Any CPU
		{A76EA4D0-C16D-43BF-8EE9-2474E6DB89CC}.Debug|Any CPU.Build.0 = Debug|Any CPU
		{A76EA4D0-C16D-43BF-8EE9-2474E6DB89CC}.Release|Any CPU.ActiveCfg = Release|Any CPU
		{A76EA4D0-C16D-43BF-8EE9-2474E6DB89CC}.Release|Any CPU.Build.0 = Release|Any CPU
	EndGlobalSection
	GlobalSection(SolutionProperties) = preSolution
		HideSolutionNode = FALSE
	EndGlobalSection
	GlobalSection(NestedProjects) = preSolution
		{6F79E4B4-6A8E-4753-BCEF-1B5711E8E952} = {B1E7E762-851C-4CF0-A8E3-9C2323EC390F}
		{C6E32087-3E09-403C-975E-722415552870} = {B1E7E762-851C-4CF0-A8E3-9C2323EC390F}
		{F0117A8D-0011-44F3-A72B-4382EF833A07} = {B1E7E762-851C-4CF0-A8E3-9C2323EC390F}
		{3939AEC5-DAC2-4E71-9D1B-27D16EA9B8B5} = {B1E7E762-851C-4CF0-A8E3-9C2323EC390F}
		{03FE2DDD-B9B7-4EDE-BE58-136548CF296A} = {B1E7E762-851C-4CF0-A8E3-9C2323EC390F}
		{542C87D6-40EB-4CE0-83B0-CCFBF72B3861} = {B1E7E762-851C-4CF0-A8E3-9C2323EC390F}
		{A76EA4D0-C16D-43BF-8EE9-2474E6DB89CC} = {B1E7E762-851C-4CF0-A8E3-9C2323EC390F}
	EndGlobalSection
EndGlobal
